
Microsoft Visual Studio Solution File, Format Version 12.00
# Visual Studio Version 17
VisualStudioVersion = 17.10.35013.160
MinimumVisualStudioVersion = 10.0.40219.1
Project("{FAE04EC0-301F-11D3-BF4B-00C04F79EFBC}") = "ProjetoATP_Final", "ProjetoATP_Final\ProjetoATP_Final.csproj", "{B54B40BA-BBB2-4E08-B66E-8910BD5625B0}"
EndProject
Global
	GlobalSection(SolutionConfigurationPlatforms) = preSolution
		Debug|Any CPU = Debug|Any CPU
		Release|Any CPU = Release|Any CPU
	EndGlobalSection
	GlobalSection(ProjectConfigurationPlatforms) = postSolution
		{B54B40BA-BBB2-4E08-B66E-8910BD5625B0}.Debug|Any CPU.ActiveCfg = Debug|Any CPU
		{B54B40BA-BBB2-4E08-B66E-8910BD5625B0}.Debug|Any CPU.Build.0 = Debug|Any CPU
		{B54B40BA-BBB2-4E08-B66E-8910BD5625B0}.Release|Any CPU.ActiveCfg = Release|Any CPU
		{B54B40BA-BBB2-4E08-B66E-8910BD5625B0}.Release|Any CPU.Build.0 = Release|Any CPU
	EndGlobalSection
	GlobalSection(SolutionProperties) = preSolution
		HideSolutionNode = FALSE
	EndGlobalSection
	GlobalSection(ExtensibilityGlobals) = postSolution
		SolutionGuid = {1BF4940F-D525-476B-BB52-68036222B9AC}
	EndGlobalSection
EndGlobal
